
Microsoft Visual Studio Solution File, Format Version 11.00
# Visual Studio 2010
Project("{FAE04EC0-301F-11D3-BF4B-00C04F79EFBC}") = "PumpKing", "Assembly-CSharp.csproj", "{1E61B5D5-9147-47AE-0C09-ED8490EEE2D2}"
EndProject
Project("{FAE04EC0-301F-11D3-BF4B-00C04F79EFBC}") = "PumpKing", "Assembly-CSharp-Editor.csproj", "{1147A9FC-6035-1A6C-EB79-443619F3C150}"
EndProject
Global
	GlobalSection(SolutionConfigurationPlatforms) = preSolution
		Debug|Any CPU = Debug|Any CPU
		Release|Any CPU = Release|Any CPU
	EndGlobalSection
	GlobalSection(ProjectConfigurationPlatforms) = postSolution
		{1E61B5D5-9147-47AE-0C09-ED8490EEE2D2}.Debug|Any CPU.ActiveCfg = Debug|Any CPU
		{1E61B5D5-9147-47AE-0C09-ED8490EEE2D2}.Debug|Any CPU.Build.0 = Debug|Any CPU
		{1E61B5D5-9147-47AE-0C09-ED8490EEE2D2}.Release|Any CPU.ActiveCfg = Release|Any CPU
		{1E61B5D5-9147-47AE-0C09-ED8490EEE2D2}.Release|Any CPU.Build.0 = Release|Any CPU
		{1147A9FC-6035-1A6C-EB79-443619F3C150}.Debug|Any CPU.ActiveCfg = Debug|Any CPU
		{1147A9FC-6035-1A6C-EB79-443619F3C150}.Debug|Any CPU.Build.0 = Debug|Any CPU
		{1147A9FC-6035-1A6C-EB79-443619F3C150}.Release|Any CPU.ActiveCfg = Release|Any CPU
		{1147A9FC-6035-1A6C-EB79-443619F3C150}.Release|Any CPU.Build.0 = Release|Any CPU
	EndGlobalSection
	GlobalSection(SolutionProperties) = preSolution
		HideSolutionNode = FALSE
	EndGlobalSection
	GlobalSection(MonoDevelopProperties) = preSolution
		StartupItem = Assembly-CSharp.csproj
	EndGlobalSection
EndGlobal
